
Microsoft Visual Studio Solution File, Format Version 12.00
# Visual Studio Version 17
VisualStudioVersion = 17.0.31903.59
MinimumVisualStudioVersion = 10.0.40219.1
Project("{2150E333-8FDC-42A3-9474-1A3956D46DE8}") = "samples", "samples", "{87310B4D-C204-4A8D-B793-1C276B79B86F}"
EndProject
Project("{FAE04EC0-301F-11D3-BF4B-00C04F79EFBC}") = "EtlLib.Samples.Basic", "samples\EtlLib.Samples.Basic\EtlLib.Samples.Basic.csproj", "{68D93390-6205-4C05-A00F-6190E4CF53BA}"
EndProject
Project("{2150E333-8FDC-42A3-9474-1A3956D46DE8}") = "src", "src", "{6E369DC3-5058-46EB-A030-FE446725280D}"
EndProject
Project("{FAE04EC0-301F-11D3-BF4B-00C04F79EFBC}") = "EtlLib.Logging.NLog", "src\EtlLib.Logging.NLog\EtlLib.Logging.NLog.csproj", "{54E3F783-CD59-40C7-9009-C2B9960773B6}"
EndProject
Project("{FAE04EC0-301F-11D3-BF4B-00C04F79EFBC}") = "EtlLib.Nodes.AmazonS3", "src\EtlLib.Nodes.AmazonS3\EtlLib.Nodes.AmazonS3.csproj", "{4752AD42-21C7-4E70-B5A9-2813C1A8882F}"
EndProject
Project("{FAE04EC0-301F-11D3-BF4B-00C04F79EFBC}") = "EtlLib.Nodes.CsvFiles", "src\EtlLib.Nodes.CsvFiles\EtlLib.Nodes.CsvFiles.csproj", "{0B3F1E5B-88AD-40AC-831C-789C7D52F7FF}"
EndProject
Project("{FAE04EC0-301F-11D3-BF4B-00C04F79EFBC}") = "EtlLib.Nodes.Dapper", "src\EtlLib.Nodes.Dapper\EtlLib.Nodes.Dapper.csproj", "{3DFEA37C-C2B0-43E2-8A15-0488760F42AB}"
EndProject
Project("{FAE04EC0-301F-11D3-BF4B-00C04F79EFBC}") = "EtlLib.Nodes.FileCompression", "src\EtlLib.Nodes.FileCompression\EtlLib.Nodes.FileCompression.csproj", "{742159DD-4A4B-4FD7-AE08-32E7E81C84C1}"
EndProject
Project("{FAE04EC0-301F-11D3-BF4B-00C04F79EFBC}") = "EtlLib.Nodes.MongoDb", "src\EtlLib.Nodes.MongoDb\EtlLib.Nodes.MongoDb.csproj", "{C1D41D9F-6DF0-4BAB-B904-73A41D1A41FE}"
EndProject
Project("{FAE04EC0-301F-11D3-BF4B-00C04F79EFBC}") = "EtlLib.Nodes.PostgreSQL", "src\EtlLib.Nodes.PostgreSQL\EtlLib.Nodes.PostgreSQL.csproj", "{008E5B42-36EE-4848-9AE8-0F332D21E84B}"
EndProject
Project("{FAE04EC0-301F-11D3-BF4B-00C04F79EFBC}") = "EtlLib.Nodes.Redshift", "src\EtlLib.Nodes.Redshift\EtlLib.Nodes.Redshift.csproj", "{2E6FF131-59FB-4375-9F61-DC83E15EC921}"
EndProject
Project("{FAE04EC0-301F-11D3-BF4B-00C04F79EFBC}") = "EtlLib.Nodes.SqlServer", "src\EtlLib.Nodes.SqlServer\EtlLib.Nodes.SqlServer.csproj", "{CBFC3E72-D5AE-4293-A215-733E6FEF1623}"
EndProject
Project("{FAE04EC0-301F-11D3-BF4B-00C04F79EFBC}") = "EtlLib.Nodes.Ssh", "src\EtlLib.Nodes.Ssh\EtlLib.Nodes.Ssh.csproj", "{239358C4-0791-46C4-AFD5-2E8E7237128C}"
EndProject
Project("{FAE04EC0-301F-11D3-BF4B-00C04F79EFBC}") = "EtlLib", "src\EtlLib\EtlLib.csproj", "{318D886A-A0CD-4F8D-B8E5-DD214C22EA21}"
EndProject
Project("{2150E333-8FDC-42A3-9474-1A3956D46DE8}") = "tests", "tests", "{9776323D-828A-4EEC-8E4A-6B7DAA4FABCB}"
EndProject
Project("{FAE04EC0-301F-11D3-BF4B-00C04F79EFBC}") = "EtlLib.IntegrationTests", "tests\EtlLib.IntegrationTests\EtlLib.IntegrationTests.csproj", "{ECD3D41D-BC2E-43CB-8F63-2384EB833A82}"
EndProject
Project("{FAE04EC0-301F-11D3-BF4B-00C04F79EFBC}") = "EtlLib.Nodes.Dapper.IntegrationTests", "tests\EtlLib.Nodes.Dapper.IntegrationTests\EtlLib.Nodes.Dapper.IntegrationTests.csproj", "{911F02C8-79BA-45FC-9BAB-82E66285A82F}"
EndProject
Project("{FAE04EC0-301F-11D3-BF4B-00C04F79EFBC}") = "EtlLib.Nodes.Redshift.Tests", "tests\EtlLib.Nodes.Redshift.Tests\EtlLib.Nodes.Redshift.Tests.csproj", "{CC5F34B7-1A17-4796-9FDB-3F887E58BCEF}"
EndProject
Project("{FAE04EC0-301F-11D3-BF4B-00C04F79EFBC}") = "EtlLib.UnitTests", "tests\EtlLib.UnitTests\EtlLib.UnitTests.csproj", "{184ACC16-D0B6-4AC9-9619-6E4D52A3B7A9}"
EndProject
Global
	GlobalSection(SolutionConfigurationPlatforms) = preSolution
		Debug|Any CPU = Debug|Any CPU
		Release|Any CPU = Release|Any CPU
	EndGlobalSection
	GlobalSection(SolutionProperties) = preSolution
		HideSolutionNode = FALSE
	EndGlobalSection
	GlobalSection(ProjectConfigurationPlatforms) = postSolution
		{68D93390-6205-4C05-A00F-6190E4CF53BA}.Debug|Any CPU.ActiveCfg = Debug|Any CPU
		{68D93390-6205-4C05-A00F-6190E4CF53BA}.Debug|Any CPU.Build.0 = Debug|Any CPU
		{68D93390-6205-4C05-A00F-6190E4CF53BA}.Release|Any CPU.ActiveCfg = Release|Any CPU
		{68D93390-6205-4C05-A00F-6190E4CF53BA}.Release|Any CPU.Build.0 = Release|Any CPU
		{54E3F783-CD59-40C7-9009-C2B9960773B6}.Debug|Any CPU.ActiveCfg = Debug|Any CPU
		{54E3F783-CD59-40C7-9009-C2B9960773B6}.Debug|Any CPU.Build.0 = Debug|Any CPU
		{54E3F783-CD59-40C7-9009-C2B9960773B6}.Release|Any CPU.ActiveCfg = Release|Any CPU
		{54E3F783-CD59-40C7-9009-C2B9960773B6}.Release|Any CPU.Build.0 = Release|Any CPU
		{4752AD42-21C7-4E70-B5A9-2813C1A8882F}.Debug|Any CPU.ActiveCfg = Debug|Any CPU
		{4752AD42-21C7-4E70-B5A9-2813C1A8882F}.Debug|Any CPU.Build.0 = Debug|Any CPU
		{4752AD42-21C7-4E70-B5A9-2813C1A8882F}.Release|Any CPU.ActiveCfg = Release|Any CPU
		{4752AD42-21C7-4E70-B5A9-2813C1A8882F}.Release|Any CPU.Build.0 = Release|Any CPU
		{0B3F1E5B-88AD-40AC-831C-789C7D52F7FF}.Debug|Any CPU.ActiveCfg = Debug|Any CPU
		{0B3F1E5B-88AD-40AC-831C-789C7D52F7FF}.Debug|Any CPU.Build.0 = Debug|Any CPU
		{0B3F1E5B-88AD-40AC-831C-789C7D52F7FF}.Release|Any CPU.ActiveCfg = Release|Any CPU
		{0B3F1E5B-88AD-40AC-831C-789C7D52F7FF}.Release|Any CPU.Build.0 = Release|Any CPU
		{3DFEA37C-C2B0-43E2-8A15-0488760F42AB}.Debug|Any CPU.ActiveCfg = Debug|Any CPU
		{3DFEA37C-C2B0-43E2-8A15-0488760F42AB}.Debug|Any CPU.Build.0 = Debug|Any CPU
		{3DFEA37C-C2B0-43E2-8A15-0488760F42AB}.Release|Any CPU.ActiveCfg = Release|Any CPU
		{3DFEA37C-C2B0-43E2-8A15-0488760F42AB}.Release|Any CPU.Build.0 = Release|Any CPU
		{742159DD-4A4B-4FD7-AE08-32E7E81C84C1}.Debug|Any CPU.ActiveCfg = Debug|Any CPU
		{742159DD-4A4B-4FD7-AE08-32E7E81C84C1}.Debug|Any CPU.Build.0 = Debug|Any CPU
		{742159DD-4A4B-4FD7-AE08-32E7E81C84C1}.Release|Any CPU.ActiveCfg = Release|Any CPU
		{742159DD-4A4B-4FD7-AE08-32E7E81C84C1}.Release|Any CPU.Build.0 = Release|Any CPU
		{C1D41D9F-6DF0-4BAB-B904-73A41D1A41FE}.Debug|Any CPU.ActiveCfg = Debug|Any CPU
		{C1D41D9F-6DF0-4BAB-B904-73A41D1A41FE}.Debug|Any CPU.Build.0 = Debug|Any CPU
		{C1D41D9F-6DF0-4BAB-B904-73A41D1A41FE}.Release|Any CPU.ActiveCfg = Release|Any CPU
		{C1D41D9F-6DF0-4BAB-B904-73A41D1A41FE}.Release|Any CPU.Build.0 = Release|Any CPU
		{008E5B42-36EE-4848-9AE8-0F332D21E84B}.Debug|Any CPU.ActiveCfg = Debug|Any CPU
		{008E5B42-36EE-4848-9AE8-0F332D21E84B}.Debug|Any CPU.Build.0 = Debug|Any CPU
		{008E5B42-36EE-4848-9AE8-0F332D21E84B}.Release|Any CPU.ActiveCfg = Release|Any CPU
		{008E5B42-36EE-4848-9AE8-0F332D21E84B}.Release|Any CPU.Build.0 = Release|Any CPU
		{2E6FF131-59FB-4375-9F61-DC83E15EC921}.Debug|Any CPU.ActiveCfg = Debug|Any CPU
		{2E6FF131-59FB-4375-9F61-DC83E15EC921}.Debug|Any CPU.Build.0 = Debug|Any CPU
		{2E6FF131-59FB-4375-9F61-DC83E15EC921}.Release|Any CPU.ActiveCfg = Release|Any CPU
		{2E6FF131-59FB-4375-9F61-DC83E15EC921}.Release|Any CPU.Build.0 = Release|Any CPU
		{CBFC3E72-D5AE-4293-A215-733E6FEF1623}.Debug|Any CPU.ActiveCfg = Debug|Any CPU
		{CBFC3E72-D5AE-4293-A215-733E6FEF1623}.Debug|Any CPU.Build.0 = Debug|Any CPU
		{CBFC3E72-D5AE-4293-A215-733E6FEF1623}.Release|Any CPU.ActiveCfg = Release|Any CPU
		{CBFC3E72-D5AE-4293-A215-733E6FEF1623}.Release|Any CPU.Build.0 = Release|Any CPU
		{239358C4-0791-46C4-AFD5-2E8E7237128C}.Debug|Any CPU.ActiveCfg = Debug|Any CPU
		{239358C4-0791-46C4-AFD5-2E8E7237128C}.Debug|Any CPU.Build.0 = Debug|Any CPU
		{239358C4-0791-46C4-AFD5-2E8E7237128C}.Release|Any CPU.ActiveCfg = Release|Any CPU
		{239358C4-0791-46C4-AFD5-2E8E7237128C}.Release|Any CPU.Build.0 = Release|Any CPU
		{318D886A-A0CD-4F8D-B8E5-DD214C22EA21}.Debug|Any CPU.ActiveCfg = Debug|Any CPU
		{318D886A-A0CD-4F8D-B8E5-DD214C22EA21}.Debug|Any CPU.Build.0 = Debug|Any CPU
		{318D886A-A0CD-4F8D-B8E5-DD214C22EA21}.Release|Any CPU.ActiveCfg = Release|Any CPU
		{318D886A-A0CD-4F8D-B8E5-DD214C22EA21}.Release|Any CPU.Build.0 = Release|Any CPU
		{ECD3D41D-BC2E-43CB-8F63-2384EB833A82}.Debug|Any CPU.ActiveCfg = Debug|Any CPU
		{ECD3D41D-BC2E-43CB-8F63-2384EB833A82}.Debug|Any CPU.Build.0 = Debug|Any CPU
		{ECD3D41D-BC2E-43CB-8F63-2384EB833A82}.Release|Any CPU.ActiveCfg = Release|Any CPU
		{ECD3D41D-BC2E-43CB-8F63-2384EB833A82}.Release|Any CPU.Build.0 = Release|Any CPU
		{911F02C8-79BA-45FC-9BAB-82E66285A82F}.Debug|Any CPU.ActiveCfg = Debug|Any CPU
		{911F02C8-79BA-45FC-9BAB-82E66285A82F}.Debug|Any CPU.Build.0 = Debug|Any CPU
		{911F02C8-79BA-45FC-9BAB-82E66285A82F}.Release|Any CPU.ActiveCfg = Release|Any CPU
		{911F02C8-79BA-45FC-9BAB-82E66285A82F}.Release|Any CPU.Build.0 = Release|Any CPU
		{CC5F34B7-1A17-4796-9FDB-3F887E58BCEF}.Debug|Any CPU.ActiveCfg = Debug|Any CPU
		{CC5F34B7-1A17-4796-9FDB-3F887E58BCEF}.Debug|Any CPU.Build.0 = Debug|Any CPU
		{CC5F34B7-1A17-4796-9FDB-3F887E58BCEF}.Release|Any CPU.ActiveCfg = Release|Any CPU
		{CC5F34B7-1A17-4796-9FDB-3F887E58BCEF}.Release|Any CPU.Build.0 = Release|Any CPU
		{184ACC16-D0B6-4AC9-9619-6E4D52A3B7A9}.Debug|Any CPU.ActiveCfg = Debug|Any CPU
		{184ACC16-D0B6-4AC9-9619-6E4D52A3B7A9}.Debug|Any CPU.Build.0 = Debug|Any CPU
		{184ACC16-D0B6-4AC9-9619-6E4D52A3B7A9}.Release|Any CPU.ActiveCfg = Release|Any CPU
		{184ACC16-D0B6-4AC9-9619-6E4D52A3B7A9}.Release|Any CPU.Build.0 = Release|Any CPU
	EndGlobalSection
	GlobalSection(NestedProjects) = preSolution
		{68D93390-6205-4C05-A00F-6190E4CF53BA} = {87310B4D-C204-4A8D-B793-1C276B79B86F}
		{54E3F783-CD59-40C7-9009-C2B9960773B6} = {6E369DC3-5058-46EB-A030-FE446725280D}
		{4752AD42-21C7-4E70-B5A9-2813C1A8882F} = {6E369DC3-5058-46EB-A030-FE446725280D}
		{0B3F1E5B-88AD-40AC-831C-789C7D52F7FF} = {6E369DC3-5058-46EB-A030-FE446725280D}
		{3DFEA37C-C2B0-43E2-8A15-0488760F42AB} = {6E369DC3-5058-46EB-A030-FE446725280D}
		{742159DD-4A4B-4FD7-AE08-32E7E81C84C1} = {6E369DC3-5058-46EB-A030-FE446725280D}
		{C1D41D9F-6DF0-4BAB-B904-73A41D1A41FE} = {6E369DC3-5058-46EB-A030-FE446725280D}
		{008E5B42-36EE-4848-9AE8-0F332D21E84B} = {6E369DC3-5058-46EB-A030-FE446725280D}
		{2E6FF131-59FB-4375-9F61-DC83E15EC921} = {6E369DC3-5058-46EB-A030-FE446725280D}
		{CBFC3E72-D5AE-4293-A215-733E6FEF1623} = {6E369DC3-5058-46EB-A030-FE446725280D}
		{239358C4-0791-46C4-AFD5-2E8E7237128C} = {6E369DC3-5058-46EB-A030-FE446725280D}
		{318D886A-A0CD-4F8D-B8E5-DD214C22EA21} = {6E369DC3-5058-46EB-A030-FE446725280D}
		{ECD3D41D-BC2E-43CB-8F63-2384EB833A82} = {9776323D-828A-4EEC-8E4A-6B7DAA4FABCB}
		{911F02C8-79BA-45FC-9BAB-82E66285A82F} = {9776323D-828A-4EEC-8E4A-6B7DAA4FABCB}
		{CC5F34B7-1A17-4796-9FDB-3F887E58BCEF} = {9776323D-828A-4EEC-8E4A-6B7DAA4FABCB}
		{184ACC16-D0B6-4AC9-9619-6E4D52A3B7A9} = {9776323D-828A-4EEC-8E4A-6B7DAA4FABCB}
	EndGlobalSection
EndGlobal
